
Microsoft Visual Studio Solution File, Format Version 12.00
# Visual Studio Version 17
VisualStudioVersion = 17.14.36429.23 d17.14
MinimumVisualStudioVersion = 10.0.40219.1
Project("{FAE04EC0-301F-11D3-BF4B-00C04F79EFBC}") = "Practice_1", "Practice_1\Practice_1.csproj", "{BA9E4F93-34BC-4A5E-A77B-475F6316567C}"
EndProject
Global
	GlobalSection(SolutionConfigurationPlatforms) = preSolution
		Debug|Any CPU = Debug|Any CPU
		Release|Any CPU = Release|Any CPU
	EndGlobalSection
	GlobalSection(ProjectConfigurationPlatforms) = postSolution
		{BA9E4F93-34BC-4A5E-A77B-475F6316567C}.Debug|Any CPU.ActiveCfg = Debug|Any CPU
		{BA9E4F93-34BC-4A5E-A77B-475F6316567C}.Debug|Any CPU.Build.0 = Debug|Any CPU
		{BA9E4F93-34BC-4A5E-A77B-475F6316567C}.Release|Any CPU.ActiveCfg = Release|Any CPU
		{BA9E4F93-34BC-4A5E-A77B-475F6316567C}.Release|Any CPU.Build.0 = Release|Any CPU
	EndGlobalSection
	GlobalSection(SolutionProperties) = preSolution
		HideSolutionNode = FALSE
	EndGlobalSection
	GlobalSection(ExtensibilityGlobals) = postSolution
		SolutionGuid = {741AF930-39BB-461C-947B-641A63071AAA}
	EndGlobalSection
EndGlobal
